// !$*UTF8*$!
{
	archiveVersion = 1;
	classes = {
	};
	objectVersion = 38;
	objects = {
		DC4D498203A71F200BFEE61B = {
			isa = PBXFileReference;
			path = CINEONImage.cpp;
			refType = 4;
		};
		DC4D498303A71F200BFEE61B = {
			isa = PBXFileReference;
			path = CINEONImage.h;
			refType = 4;
		};
		DC4D498403A71F200BFEE61B = {
			isa = PBXFileReference;
			path = FITImage.cpp;
			refType = 4;
		};
		DC4D498503A71F200BFEE61B = {
			isa = PBXFileReference;
			path = FITImage.h;
			refType = 4;
		};
		DC4D498603A71F200BFEE61B = {
			isa = PBXFileReference;
			path = GIFImage.cpp;
			refType = 4;
		};
		DC4D498703A71F200BFEE61B = {
			isa = PBXFileReference;
			path = GIFImage.h;
			refType = 4;
		};
		DC4D498803A71F200BFEE61B = {
			isa = PBXFileReference;
			path = IFFImage.cpp;
			refType = 4;
		};
		DC4D498903A71F200BFEE61B = {
			isa = PBXFileReference;
			path = IFFImage.h;
			refType = 4;
		};
		DC4D498A03A71F200BFEE61B = {
			isa = PBXFileReference;
			path = PRMANZImage.cpp;
			refType = 4;
		};
		DC4D498B03A71F200BFEE61B = {
			isa = PBXFileReference;
			path = PRMANZImage.h;
			refType = 4;
		};
		DC4D498C03A71F200BFEE61B = {
			isa = PBXFileReference;
			path = PRTEXImage.cpp;
			refType = 4;
		};
		DC4D498D03A71F200BFEE61B = {
			isa = PBXFileReference;
			path = PRTEXImage.h;
			refType = 4;
		};
		DC4D498E03A71F200BFEE61B = {
			isa = PBXFileReference;
			path = SGIImage.cpp;
			refType = 4;
		};
		DC4D498F03A71F200BFEE61B = {
			isa = PBXFileReference;
			path = SGIImage.h;
			refType = 4;
		};
		DC4D499003A71F200BFEE61B = {
			isa = PBXFileReference;
			path = TIFFImage.cpp;
			refType = 4;
		};
		DC4D499103A71F200BFEE61B = {
			isa = PBXFileReference;
			path = TIFFImage.h;
			refType = 4;
		};
		DC4D499203A71F200BFEE61B = {
			fileRef = DC4D498203A71F200BFEE61B;
			isa = PBXBuildFile;
			settings = {
			};
		};
		DC4D499303A71F200BFEE61B = {
			fileRef = DC4D498303A71F200BFEE61B;
			isa = PBXBuildFile;
			settings = {
			};
		};
		DC4D499403A71F200BFEE61B = {
			fileRef = DC4D498403A71F200BFEE61B;
			isa = PBXBuildFile;
			settings = {
			};
		};
		DC4D499503A71F200BFEE61B = {
			fileRef = DC4D498503A71F200BFEE61B;
			isa = PBXBuildFile;
			settings = {
			};
		};
		DC4D499603A71F200BFEE61B = {
			fileRef = DC4D498603A71F200BFEE61B;
			isa = PBXBuildFile;
			settings = {
			};
		};
		DC4D499703A71F200BFEE61B = {
			fileRef = DC4D498703A71F200BFEE61B;
			isa = PBXBuildFile;
			settings = {
			};
		};
		DC4D499803A71F200BFEE61B = {
			fileRef = DC4D498803A71F200BFEE61B;
			isa = PBXBuildFile;
			settings = {
			};
		};
		DC4D499903A71F200BFEE61B = {
			fileRef = DC4D498903A71F200BFEE61B;
			isa = PBXBuildFile;
			settings = {
			};
		};
		DC4D499A03A71F200BFEE61B = {
			fileRef = DC4D498A03A71F200BFEE61B;
			isa = PBXBuildFile;
			settings = {
			};
		};
		DC4D499B03A71F200BFEE61B = {
			fileRef = DC4D498B03A71F200BFEE61B;
			isa = PBXBuildFile;
			settings = {
			};
		};
		DC4D499C03A71F200BFEE61B = {
			fileRef = DC4D498C03A71F200BFEE61B;
			isa = PBXBuildFile;
			settings = {
			};
		};
		DC4D499D03A71F200BFEE61B = {
			fileRef = DC4D498D03A71F200BFEE61B;
			isa = PBXBuildFile;
			settings = {
			};
		};
		DC4D499E03A71F200BFEE61B = {
			fileRef = DC4D498E03A71F200BFEE61B;
			isa = PBXBuildFile;
			settings = {
			};
		};
		DC4D499F03A71F200BFEE61B = {
			fileRef = DC4D498F03A71F200BFEE61B;
			isa = PBXBuildFile;
			settings = {
			};
		};
		DC4D49A003A71F200BFEE61B = {
			fileRef = DC4D499003A71F200BFEE61B;
			isa = PBXBuildFile;
			settings = {
			};
		};
		DC4D49A103A71F200BFEE61B = {
			fileRef = DC4D499103A71F200BFEE61B;
			isa = PBXBuildFile;
			settings = {
			};
		};
		DC8E4239039D630F0B02001F = {
			children = (
				DC8E4259039D637F0B02001F,
				DC8E42C3039D637F0B02001F,
				DC8E423E039D637F0B02001F,
				DCCAC7BE03A98CC20BFEE61B,
				DCCAC74803A9518C0BFEE61B,
				DC8E425A039D637F0B02001F,
				DC8E425E039D637F0B02001F,
				DC8E425F039D637F0B02001F,
				DC8E4267039D637F0B02001F,
				DC8E4268039D637F0B02001F,
				DC8E426A039D637F0B02001F,
				DC8E426B039D637F0B02001F,
				DC8E426E039D637F0B02001F,
				DC8E426F039D637F0B02001F,
				DC8E4271039D637F0B02001F,
				DC8E4272039D637F0B02001F,
				DC8E4274039D637F0B02001F,
				DC8E4275039D637F0B02001F,
				DC8E4277039D637F0B02001F,
				DC8E4278039D637F0B02001F,
				DC8E427A039D637F0B02001F,
				DC8E427B039D637F0B02001F,
				DC8E427D039D637F0B02001F,
				DC8E427E039D637F0B02001F,
				DC8E4280039D637F0B02001F,
				DC8E4281039D637F0B02001F,
				DC8E4283039D637F0B02001F,
				DC8E4284039D637F0B02001F,
				DC8E4286039D637F0B02001F,
				DC8E4287039D637F0B02001F,
				DC8E4289039D637F0B02001F,
				DC8E428A039D637F0B02001F,
				DC8E428C039D637F0B02001F,
				DC8E428D039D637F0B02001F,
				DC8E42CA039D64C60B02001F,
			);
			isa = PBXGroup;
			refType = 4;
		};
		DC8E423B039D630F0B02001F = {
			buildRules = (
			);
			buildSettings = {
				COPY_PHASE_STRIP = NO;
			};
			isa = PBXBuildStyle;
			name = Development;
		};
		DC8E423C039D630F0B02001F = {
			buildRules = (
			);
			buildSettings = {
				COPY_PHASE_STRIP = YES;
			};
			isa = PBXBuildStyle;
			name = Deployment;
		};
		DC8E423D039D630F0B02001F = {
			buildStyles = (
				DC8E423B039D630F0B02001F,
				DC8E423C039D630F0B02001F,
			);
			isa = PBXProject;
			mainGroup = DC8E4239039D630F0B02001F;
			productRefGroup = DC8E42CA039D64C60B02001F;
			projectDirPath = "";
			targets = (
				DC8E42C8039D64C60B02001F,
				DCCAC74B03A953BE0BFEE61B,
			);
		};
		DC8E423E039D637F0B02001F = {
			children = (
				DC8E4258039D637F0B02001F,
				DC8E4240039D637F0B02001F,
				DC4D498203A71F200BFEE61B,
				DC4D498303A71F200BFEE61B,
				DC4D498403A71F200BFEE61B,
				DC4D498503A71F200BFEE61B,
				DC4D498603A71F200BFEE61B,
				DC4D498703A71F200BFEE61B,
				DC4D498803A71F200BFEE61B,
				DC4D498903A71F200BFEE61B,
				DC4D498A03A71F200BFEE61B,
				DC4D498B03A71F200BFEE61B,
				DC4D498C03A71F200BFEE61B,
				DC4D498D03A71F200BFEE61B,
				DC4D498E03A71F200BFEE61B,
				DC4D498F03A71F200BFEE61B,
				DC4D499003A71F200BFEE61B,
				DC4D499103A71F200BFEE61B,
			);
			isa = PBXGroup;
			path = imageFormats;
			refType = 4;
		};
		DC8E4240039D637F0B02001F = {
			isa = PBXFileReference;
			path = Makefile;
			refType = 4;
		};
		DC8E4258039D637F0B02001F = {
			isa = PBXFileReference;
			path = imageFormats.conf;
			refType = 2;
		};
		DC8E4259039D637F0B02001F = {
			isa = PBXFileReference;
			path = INSTALL;
			refType = 4;
		};
		DC8E425A039D637F0B02001F = {
			isa = PBXFileReference;
			path = Makefile;
			refType = 4;
		};
		DC8E425E039D637F0B02001F = {
			isa = PBXFileReference;
			path = Dir.cpp;
			refType = 4;
		};
		DC8E425F039D637F0B02001F = {
			isa = PBXFileReference;
			path = Dir.h;
			refType = 4;
		};
		DC8E4267039D637F0B02001F = {
			isa = PBXFileReference;
			path = File.cpp;
			refType = 4;
		};
		DC8E4268039D637F0B02001F = {
			isa = PBXFileReference;
			path = File.h;
			refType = 4;
		};
		DC8E426A039D637F0B02001F = {
			isa = PBXFileReference;
			path = FsObject.cpp;
			refType = 4;
		};
		DC8E426B039D637F0B02001F = {
			isa = PBXFileReference;
			path = FsObject.h;
			refType = 4;
		};
		DC8E426E039D637F0B02001F = {
			isa = PBXFileReference;
			path = UserGroup.cpp;
			refType = 4;
		};
		DC8E426F039D637F0B02001F = {
			isa = PBXFileReference;
			path = UserGroup.h;
			refType = 4;
		};
		DC8E4271039D637F0B02001F = {
			isa = PBXFileReference;
			path = Image.cpp;
			refType = 4;
		};
		DC8E4272039D637F0B02001F = {
			isa = PBXFileReference;
			path = Image.h;
			refType = 4;
		};
		DC8E4274039D637F0B02001F = {
			isa = PBXFileReference;
			path = ImageDim.cpp;
			refType = 4;
		};
		DC8E4275039D637F0B02001F = {
			isa = PBXFileReference;
			path = ImageDim.h;
			refType = 4;
		};
		DC8E4277039D637F0B02001F = {
			isa = PBXFileReference;
			path = ImageFormat.cpp;
			refType = 4;
		};
		DC8E4278039D637F0B02001F = {
			isa = PBXFileReference;
			path = ImageFormat.h;
			refType = 4;
		};
		DC8E427A039D637F0B02001F = {
			isa = PBXFileReference;
			path = ImageSeq.cpp;
			refType = 4;
		};
		DC8E427B039D637F0B02001F = {
			isa = PBXFileReference;
			path = ImageSeq.h;
			refType = 4;
		};
		DC8E427D039D637F0B02001F = {
			isa = PBXFileReference;
			path = LibLoader.cpp;
			refType = 4;
		};
		DC8E427E039D637F0B02001F = {
			isa = PBXFileReference;
			path = LibLoader.h;
			refType = 4;
		};
		DC8E4280039D637F0B02001F = {
			isa = PBXFileReference;
			path = Path.cpp;
			refType = 4;
		};
		DC8E4281039D637F0B02001F = {
			isa = PBXFileReference;
			path = Path.h;
			refType = 4;
		};
		DC8E4283039D637F0B02001F = {
			isa = PBXFileReference;
			path = Size.cpp;
			refType = 4;
		};
		DC8E4284039D637F0B02001F = {
			isa = PBXFileReference;
			path = Size.h;
			refType = 4;
		};
		DC8E4286039D637F0B02001F = {
			isa = PBXFileReference;
			path = Tester.cpp;
			refType = 4;
		};
		DC8E4287039D637F0B02001F = {
			isa = PBXFileReference;
			path = Tester.h;
			refType = 4;
		};
		DC8E4289039D637F0B02001F = {
			isa = PBXFileReference;
			path = DateTime.cpp;
			refType = 4;
		};
		DC8E428A039D637F0B02001F = {
			isa = PBXFileReference;
			path = DateTime.h;
			refType = 4;
		};
		DC8E428C039D637F0B02001F = {
			isa = PBXFileReference;
			path = User.cpp;
			refType = 4;
		};
		DC8E428D039D637F0B02001F = {
			isa = PBXFileReference;
			path = User.h;
			refType = 4;
		};
		DC8E42C3039D637F0B02001F = {
			isa = PBXFileReference;
			path = TODO;
			refType = 4;
		};
		DC8E42C4039D64C60B02001F = {
			buildActionMask = 2147483647;
			files = (
				DC8E42CD039D64D20B02001F,
				DC8E42D3039D64D60B02001F,
				DC8E42D5039D64D70B02001F,
				DC8E42D8039D64D80B02001F,
				DC8E42DA039D64DA0B02001F,
				DC8E42DC039D64DB0B02001F,
				DC8E42DE039D64DC0B02001F,
				DC8E42E0039D64DD0B02001F,
				DC8E42E2039D64DE0B02001F,
				DC8E42E4039D64DF0B02001F,
				DC8E42E6039D64E00B02001F,
				DC8E42E8039D64E10B02001F,
				DC8E42EA039D64E20B02001F,
				DC8E42EC039D64E40B02001F,
				DC4D499303A71F200BFEE61B,
				DC4D499503A71F200BFEE61B,
				DC4D499703A71F200BFEE61B,
				DC4D499903A71F200BFEE61B,
				DC4D499B03A71F200BFEE61B,
				DC4D499D03A71F200BFEE61B,
				DC4D499F03A71F200BFEE61B,
				DC4D49A103A71F200BFEE61B,
				DCCAC7E503A98CC20BFEE61B,
				DCCAC7EC03A98CC20BFEE61B,
				DCCAC7EF03A98CC20BFEE61B,
				DCCAC7F303A98CC20BFEE61B,
				DCCAC7F503A98CC20BFEE61B,
				DCCAC7F703A98CC20BFEE61B,
				DCCAC7F903A98CC20BFEE61B,
			);
			isa = PBXHeadersBuildPhase;
			runOnlyForDeploymentPostprocessing = 0;
		};
		DC8E42C5039D64C60B02001F = {
			buildActionMask = 2147483647;
			files = (
				DC8E42CC039D64D20B02001F,
				DC8E42D2039D64D50B02001F,
				DC8E42D4039D64D60B02001F,
				DC8E42D7039D64D80B02001F,
				DC8E42D9039D64D90B02001F,
				DC8E42DB039D64DA0B02001F,
				DC8E42DD039D64DB0B02001F,
				DC8E42DF039D64DC0B02001F,
				DC8E42E1039D64DD0B02001F,
				DC8E42E3039D64DE0B02001F,
				DC8E42E5039D64E00B02001F,
				DC8E42E7039D64E10B02001F,
				DC8E42E9039D64E20B02001F,
				DC8E42EB039D64E30B02001F,
				DC4D499203A71F200BFEE61B,
				DC4D499403A71F200BFEE61B,
				DC4D499603A71F200BFEE61B,
				DC4D499803A71F200BFEE61B,
				DC4D499A03A71F200BFEE61B,
				DC4D499C03A71F200BFEE61B,
				DC4D499E03A71F200BFEE61B,
				DC4D49A003A71F200BFEE61B,
				DCCAC7E703A98CC20BFEE61B,
				DCCAC7E803A98CC20BFEE61B,
				DCCAC7EA03A98CC20BFEE61B,
				DCCAC7EB03A98CC20BFEE61B,
				DCCAC7EE03A98CC20BFEE61B,
				DCCAC7F103A98CC20BFEE61B,
				DCCAC7F203A98CC20BFEE61B,
				DCCAC7FB03A98CC20BFEE61B,
			);
			isa = PBXSourcesBuildPhase;
			runOnlyForDeploymentPostprocessing = 0;
		};
		DC8E42C6039D64C60B02001F = {
			buildActionMask = 2147483647;
			files = (
			);
			isa = PBXFrameworksBuildPhase;
			runOnlyForDeploymentPostprocessing = 0;
		};
		DC8E42C7039D64C60B02001F = {
			buildActionMask = 2147483647;
			files = (
			);
			isa = PBXRezBuildPhase;
			runOnlyForDeploymentPostprocessing = 0;
		};
		DC8E42C8039D64C60B02001F = {
			buildPhases = (
				DC8E42C4039D64C60B02001F,
				DC8E42C5039D64C60B02001F,
				DC8E42C6039D64C60B02001F,
				DC8E42C7039D64C60B02001F,
			);
			buildSettings = {
				OTHER_CFLAGS = "";
				OTHER_LDFLAGS = "";
				OTHER_REZFLAGS = "";
				PRODUCT_NAME = unitTests;
				REZ_EXECUTABLE = YES;
				SECTORDER_FLAGS = "";
				WARNING_CFLAGS = "-Wmost -Wno-four-char-constants -Wno-unknown-pragmas";
			};
			dependencies = (
			);
			isa = PBXToolTarget;
			name = unitTests;
			productInstallPath = /usr/local/bin;
			productName = unitTests;
			productReference = DC8E42C9039D64C60B02001F;
			shouldUseHeadermap = 0;
		};
		DC8E42C9039D64C60B02001F = {
			isa = PBXExecutableFileReference;
			path = unitTests;
			refType = 3;
		};
		DC8E42CA039D64C60B02001F = {
			children = (
				DC8E42C9039D64C60B02001F,
			);
			isa = PBXGroup;
			name = Products;
			refType = 4;
		};
		DC8E42CC039D64D20B02001F = {
			fileRef = DC8E425E039D637F0B02001F;
			isa = PBXBuildFile;
			settings = {
			};
		};
		DC8E42CD039D64D20B02001F = {
			fileRef = DC8E425F039D637F0B02001F;
			isa = PBXBuildFile;
			settings = {
			};
		};
		DC8E42D2039D64D50B02001F = {
			fileRef = DC8E4267039D637F0B02001F;
			isa = PBXBuildFile;
			settings = {
			};
		};
		DC8E42D3039D64D60B02001F = {
			fileRef = DC8E4268039D637F0B02001F;
			isa = PBXBuildFile;
			settings = {
			};
		};
		DC8E42D4039D64D60B02001F = {
			fileRef = DC8E426A039D637F0B02001F;
			isa = PBXBuildFile;
			settings = {
			};
		};
		DC8E42D5039D64D70B02001F = {
			fileRef = DC8E426B039D637F0B02001F;
			isa = PBXBuildFile;
			settings = {
			};
		};
		DC8E42D7039D64D80B02001F = {
			fileRef = DC8E426E039D637F0B02001F;
			isa = PBXBuildFile;
			settings = {
			};
		};
		DC8E42D8039D64D80B02001F = {
			fileRef = DC8E426F039D637F0B02001F;
			isa = PBXBuildFile;
			settings = {
			};
		};
		DC8E42D9039D64D90B02001F = {
			fileRef = DC8E4271039D637F0B02001F;
			isa = PBXBuildFile;
			settings = {
			};
		};
		DC8E42DA039D64DA0B02001F = {
			fileRef = DC8E4272039D637F0B02001F;
			isa = PBXBuildFile;
			settings = {
			};
		};
		DC8E42DB039D64DA0B02001F = {
			fileRef = DC8E4274039D637F0B02001F;
			isa = PBXBuildFile;
			settings = {
			};
		};
		DC8E42DC039D64DB0B02001F = {
			fileRef = DC8E4275039D637F0B02001F;
			isa = PBXBuildFile;
			settings = {
			};
		};
		DC8E42DD039D64DB0B02001F = {
			fileRef = DC8E4277039D637F0B02001F;
			isa = PBXBuildFile;
			settings = {
			};
		};
		DC8E42DE039D64DC0B02001F = {
			fileRef = DC8E4278039D637F0B02001F;
			isa = PBXBuildFile;
			settings = {
			};
		};
		DC8E42DF039D64DC0B02001F = {
			fileRef = DC8E427A039D637F0B02001F;
			isa = PBXBuildFile;
			settings = {
			};
		};
		DC8E42E0039D64DD0B02001F = {
			fileRef = DC8E427B039D637F0B02001F;
			isa = PBXBuildFile;
			settings = {
			};
		};
		DC8E42E1039D64DD0B02001F = {
			fileRef = DC8E427D039D637F0B02001F;
			isa = PBXBuildFile;
			settings = {
			};
		};
		DC8E42E2039D64DE0B02001F = {
			fileRef = DC8E427E039D637F0B02001F;
			isa = PBXBuildFile;
			settings = {
			};
		};
		DC8E42E3039D64DE0B02001F = {
			fileRef = DC8E4280039D637F0B02001F;
			isa = PBXBuildFile;
			settings = {
			};
		};
		DC8E42E4039D64DF0B02001F = {
			fileRef = DC8E4281039D637F0B02001F;
			isa = PBXBuildFile;
			settings = {
			};
		};
		DC8E42E5039D64E00B02001F = {
			fileRef = DC8E4283039D637F0B02001F;
			isa = PBXBuildFile;
			settings = {
			};
		};
		DC8E42E6039D64E00B02001F = {
			fileRef = DC8E4284039D637F0B02001F;
			isa = PBXBuildFile;
			settings = {
			};
		};
		DC8E42E7039D64E10B02001F = {
			fileRef = DC8E4286039D637F0B02001F;
			isa = PBXBuildFile;
			settings = {
			};
		};
		DC8E42E8039D64E10B02001F = {
			fileRef = DC8E4287039D637F0B02001F;
			isa = PBXBuildFile;
			settings = {
			};
		};
		DC8E42E9039D64E20B02001F = {
			fileRef = DC8E4289039D637F0B02001F;
			isa = PBXBuildFile;
			settings = {
			};
		};
		DC8E42EA039D64E20B02001F = {
			fileRef = DC8E428A039D637F0B02001F;
			isa = PBXBuildFile;
			settings = {
			};
		};
		DC8E42EB039D64E30B02001F = {
			fileRef = DC8E428C039D637F0B02001F;
			isa = PBXBuildFile;
			settings = {
			};
		};
		DC8E42EC039D64E40B02001F = {
			fileRef = DC8E428D039D637F0B02001F;
			isa = PBXBuildFile;
			settings = {
			};
		};
		DCCAC74803A9518C0BFEE61B = {
			children = (
				DCCAC74903A9518C0BFEE61B,
			);
			isa = PBXGroup;
			path = doc;
			refType = 4;
		};
		DCCAC74903A9518C0BFEE61B = {
			isa = PBXFileReference;
			path = Doxyfile;
			refType = 4;
		};
		DCCAC74B03A953BE0BFEE61B = {
			buildArgumentsString = "";
			buildPhases = (
			);
			buildSettings = {
				OPTIMIZATION_CFLAGS = "";
				OTHER_CFLAGS = "";
				OTHER_LDFLAGS = "";
				OTHER_REZFLAGS = "";
				PRODUCT_NAME = documentation;
				SECTORDER_FLAGS = "";
				WARNING_CFLAGS = "-Wmost -Wno-four-char-constants -Wno-unknown-pragmas";
			};
			buildToolPath = "~/bin/doxygen";
			buildWorkingDirectory = doc;
			dependencies = (
			);
			isa = PBXLegacyTarget;
			name = documentation;
			productName = documentation;
			settingsToExpand = 6;
			settingsToPassInEnvironment = 287;
			settingsToPassOnCommandLine = 280;
			shouldUseHeadermap = 0;
		};
		DCCAC7BE03A98CC20BFEE61B = {
			children = (
				DCCAC7C403A98CC20BFEE61B,
				DCCAC7BF03A98CC20BFEE61B,
				DCCAC7D403A98CC20BFEE61B,
				DCCAC7D303A98CC20BFEE61B,
				DCCAC7C103A98CC20BFEE61B,
				DCCAC7C303A98CC20BFEE61B,
				DCCAC7E003A98CC20BFEE61B,
				DCCAC7D103A98CC20BFEE61B,
				DCCAC7DE03A98CC20BFEE61B,
				DCCAC7D503A98CC20BFEE61B,
				DCCAC7D703A98CC20BFEE61B,
				DCCAC7E403A98CC20BFEE61B,
				DCCAC7D803A98CC20BFEE61B,
				DCCAC7DA03A98CC20BFEE61B,
				DCCAC7DC03A98CC20BFEE61B,
				DCCAC7DB03A98CC20BFEE61B,
				DCCAC7E203A98CC20BFEE61B,
			);
			isa = PBXGroup;
			path = test;
			refType = 4;
		};
		DCCAC7BF03A98CC20BFEE61B = {
			isa = PBXFileReference;
			path = Makefile;
			refType = 4;
		};
		DCCAC7C103A98CC20BFEE61B = {
			isa = PBXFileReference;
			path = testImage.h;
			refType = 4;
		};
		DCCAC7C303A98CC20BFEE61B = {
			isa = PBXFileReference;
			path = testDir.cpp;
			refType = 4;
		};
		DCCAC7C403A98CC20BFEE61B = {
			children = (
				DCCAC7C503A98CC20BFEE61B,
				DCCAC7C603A98CC20BFEE61B,
				DCCAC7C703A98CC20BFEE61B,
				DCCAC7C803A98CC20BFEE61B,
				DCCAC7C903A98CC20BFEE61B,
				DCCAC7CA03A98CC20BFEE61B,
				DCCAC7CB03A98CC20BFEE61B,
				DCCAC7CC03A98CC20BFEE61B,
				DCCAC7CD03A98CC20BFEE61B,
				DCCAC7CE03A98CC20BFEE61B,
				DCCAC7CF03A98CC20BFEE61B,
				DCCAC7D003A98CC20BFEE61B,
			);
			isa = PBXGroup;
			path = templateImages;
			refType = 4;
		};
		DCCAC7C503A98CC20BFEE61B = {
			isa = PBXFileReference;
			path = 8x8.tiff;
			refType = 4;
		};
		DCCAC7C603A98CC20BFEE61B = {
			isa = PBXFileReference;
			path = 4x4.gif;
			refType = 4;
		};
		DCCAC7C703A98CC20BFEE61B = {
			isa = PBXFileReference;
			path = 4x4.jpg;
			refType = 4;
		};
		DCCAC7C803A98CC20BFEE61B = {
			isa = PBXFileReference;
			path = 4x4.sgi;
			refType = 4;
		};
		DCCAC7C903A98CC20BFEE61B = {
			isa = PBXFileReference;
			path = 2x2.tiff;
			refType = 4;
		};
		DCCAC7CA03A98CC20BFEE61B = {
			isa = PBXFileReference;
			path = 4x4.tiff;
			refType = 4;
		};
		DCCAC7CB03A98CC20BFEE61B = {
			isa = PBXFileReference;
			path = 8x8.gif;
			refType = 4;
		};
		DCCAC7CC03A98CC20BFEE61B = {
			isa = PBXFileReference;
			path = 8x8.jpg;
			refType = 4;
		};
		DCCAC7CD03A98CC20BFEE61B = {
			isa = PBXFileReference;
			path = 8x8.sgi;
			refType = 4;
		};
		DCCAC7CE03A98CC20BFEE61B = {
			isa = PBXFileReference;
			path = 2x2.gif;
			refType = 4;
		};
		DCCAC7CF03A98CC20BFEE61B = {
			isa = PBXFileReference;
			path = 2x2.jpg;
			refType = 4;
		};
		DCCAC7D003A98CC20BFEE61B = {
			isa = PBXFileReference;
			path = 2x2.sgi;
			refType = 4;
		};
		DCCAC7D103A98CC20BFEE61B = {
			isa = PBXFileReference;
			path = testImageSeq.cpp;
			refType = 4;
		};
		DCCAC7D303A98CC20BFEE61B = {
			isa = PBXFileReference;
			path = testImage.cpp;
			refType = 4;
		};
		DCCAC7D403A98CC20BFEE61B = {
			isa = PBXFileReference;
			path = testCode.cpp;
			refType = 4;
		};
		DCCAC7D503A98CC20BFEE61B = {
			isa = PBXFileReference;
			path = testFile.h;
			refType = 4;
		};
		DCCAC7D703A98CC20BFEE61B = {
			isa = PBXFileReference;
			path = testFile.cpp;
			refType = 4;
		};
		DCCAC7D803A98CC20BFEE61B = {
			isa = PBXFileReference;
			path = testDateTime.h;
			refType = 4;
		};
		DCCAC7DA03A98CC20BFEE61B = {
			isa = PBXFileReference;
			path = testPath.cpp;
			refType = 4;
		};
		DCCAC7DB03A98CC20BFEE61B = {
			isa = PBXFileReference;
			path = testSize.cpp;
			refType = 4;
		};
		DCCAC7DC03A98CC20BFEE61B = {
			isa = PBXFileReference;
			path = testPath.h;
			refType = 4;
		};
		DCCAC7DE03A98CC20BFEE61B = {
			isa = PBXFileReference;
			path = testImageSeq.h;
			refType = 4;
		};
		DCCAC7E003A98CC20BFEE61B = {
			isa = PBXFileReference;
			path = testDir.h;
			refType = 4;
		};
		DCCAC7E203A98CC20BFEE61B = {
			isa = PBXFileReference;
			path = testSize.h;
			refType = 4;
		};
		DCCAC7E403A98CC20BFEE61B = {
			isa = PBXFileReference;
			path = testDateTime.cpp;
			refType = 4;
		};
		DCCAC7E503A98CC20BFEE61B = {
			fileRef = DCCAC7C103A98CC20BFEE61B;
			isa = PBXBuildFile;
			settings = {
			};
		};
		DCCAC7E703A98CC20BFEE61B = {
			fileRef = DCCAC7C303A98CC20BFEE61B;
			isa = PBXBuildFile;
			settings = {
			};
		};
		DCCAC7E803A98CC20BFEE61B = {
			fileRef = DCCAC7D103A98CC20BFEE61B;
			isa = PBXBuildFile;
			settings = {
			};
		};
		DCCAC7EA03A98CC20BFEE61B = {
			fileRef = DCCAC7D303A98CC20BFEE61B;
			isa = PBXBuildFile;
			settings = {
			};
		};
		DCCAC7EB03A98CC20BFEE61B = {
			fileRef = DCCAC7D403A98CC20BFEE61B;
			isa = PBXBuildFile;
			settings = {
			};
		};
		DCCAC7EC03A98CC20BFEE61B = {
			fileRef = DCCAC7D503A98CC20BFEE61B;
			isa = PBXBuildFile;
			settings = {
			};
		};
		DCCAC7EE03A98CC20BFEE61B = {
			fileRef = DCCAC7D703A98CC20BFEE61B;
			isa = PBXBuildFile;
			settings = {
			};
		};
		DCCAC7EF03A98CC20BFEE61B = {
			fileRef = DCCAC7D803A98CC20BFEE61B;
			isa = PBXBuildFile;
			settings = {
			};
		};
		DCCAC7F103A98CC20BFEE61B = {
			fileRef = DCCAC7DA03A98CC20BFEE61B;
			isa = PBXBuildFile;
			settings = {
			};
		};
		DCCAC7F203A98CC20BFEE61B = {
			fileRef = DCCAC7DB03A98CC20BFEE61B;
			isa = PBXBuildFile;
			settings = {
			};
		};
		DCCAC7F303A98CC20BFEE61B = {
			fileRef = DCCAC7DC03A98CC20BFEE61B;
			isa = PBXBuildFile;
			settings = {
			};
		};
		DCCAC7F503A98CC20BFEE61B = {
			fileRef = DCCAC7DE03A98CC20BFEE61B;
			isa = PBXBuildFile;
			settings = {
			};
		};
		DCCAC7F703A98CC20BFEE61B = {
			fileRef = DCCAC7E003A98CC20BFEE61B;
			isa = PBXBuildFile;
			settings = {
			};
		};
		DCCAC7F903A98CC20BFEE61B = {
			fileRef = DCCAC7E203A98CC20BFEE61B;
			isa = PBXBuildFile;
			settings = {
			};
		};
		DCCAC7FB03A98CC20BFEE61B = {
			fileRef = DCCAC7E403A98CC20BFEE61B;
			isa = PBXBuildFile;
			settings = {
			};
		};
	};
	rootObject = DC8E423D039D630F0B02001F;
}
